// !$*UTF8*$!
{
	archiveVersion = 1;
	classes = {
	};
	objectVersion = 46;
	objects = {

/* Begin PBXBuildFile section */
		1E3282421D3EA46500D7D251 /* AppDelegate.swift in Sources */ = {isa = PBXBuildFile; fileRef = 1E3282411D3EA46500D7D251 /* AppDelegate.swift */; };
		1E3282441D3EA46500D7D251 /* ViewController.swift in Sources */ = {isa = PBXBuildFile; fileRef = 1E3282431D3EA46500D7D251 /* ViewController.swift */; };
		1E3282471D3EA46500D7D251 /* Main.storyboard in Resources */ = {isa = PBXBuildFile; fileRef = 1E3282451D3EA46500D7D251 /* Main.storyboard */; };
		1E3282491D3EA46500D7D251 /* Assets.xcassets in Resources */ = {isa = PBXBuildFile; fileRef = 1E3282481D3EA46500D7D251 /* Assets.xcassets */; };
		1E32824C1D3EA46500D7D251 /* LaunchScreen.storyboard in Resources */ = {isa = PBXBuildFile; fileRef = 1E32824A1D3EA46500D7D251 /* LaunchScreen.storyboard */; };
		1E3282571D3EA46500D7D251 /* PedometerTests.swift in Sources */ = {isa = PBXBuildFile; fileRef = 1E3282561D3EA46500D7D251 /* PedometerTests.swift */; };
		1E3282621D3EA46500D7D251 /* PedometerUITests.swift in Sources */ = {isa = PBXBuildFile; fileRef = 1E3282611D3EA46500D7D251 /* PedometerUITests.swift */; };
		1E3282701D3EA63900D7D251 /* GraphView.swift in Sources */ = {isa = PBXBuildFile; fileRef = 1E32826F1D3EA63900D7D251 /* GraphView.swift */; };
/* End PBXBuildFile section */

/* Begin PBXContainerItemProxy section */
		1E3282531D3EA46500D7D251 /* PBXContainerItemProxy */ = {
			isa = PBXContainerItemProxy;
			containerPortal = 1E3282361D3EA46500D7D251 /* Project object */;
			proxyType = 1;
			remoteGlobalIDString = 1E32823D1D3EA46500D7D251;
			remoteInfo = Pedometer;
		};
		1E32825E1D3EA46500D7D251 /* PBXContainerItemProxy */ = {
			isa = PBXContainerItemProxy;
			containerPortal = 1E3282361D3EA46500D7D251 /* Project object */;
			proxyType = 1;
			remoteGlobalIDString = 1E32823D1D3EA46500D7D251;
			remoteInfo = Pedometer;
		};
/* End PBXContainerItemProxy section */

/* Begin PBXFileReference section */
		1E32823E1D3EA46500D7D251 /* Pedometer.app */ = {isa = PBXFileReference; explicitFileType = wrapper.application; includeInIndex = 0; path = Pedometer.app; sourceTree = BUILT_PRODUCTS_DIR; };
		1E3282411D3EA46500D7D251 /* AppDelegate.swift */ = {isa = PBXFileReference; lastKnownFileType = sourcecode.swift; path = AppDelegate.swift; sourceTree = "<group>"; };
		1E3282431D3EA46500D7D251 /* ViewController.swift */ = {isa = PBXFileReference; lastKnownFileType = sourcecode.swift; path = ViewController.swift; sourceTree = "<group>"; };
		1E3282461D3EA46500D7D251 /* Base */ = {isa = PBXFileReference; lastKnownFileType = file.storyboard; name = Base; path = Base.lproj/Main.storyboard; sourceTree = "<group>"; };
		1E3282481D3EA46500D7D251 /* Assets.xcassets */ = {isa = PBXFileReference; lastKnownFileType = folder.assetcatalog; path = Assets.xcassets; sourceTree = "<group>"; };
		1E32824B1D3EA46500D7D251 /* Base */ = {isa = PBXFileReference; lastKnownFileType = file.storyboard; name = Base; path = Base.lproj/LaunchScreen.storyboard; sourceTree = "<group>"; };
		1E32824D1D3EA46500D7D251 /* Info.plist */ = {isa = PBXFileReference; lastKnownFileType = text.plist.xml; path = Info.plist; sourceTree = "<group>"; };
		1E3282521D3EA46500D7D251 /* PedometerTests.xctest */ = {isa = PBXFileReference; explicitFileType = wrapper.cfbundle; includeInIndex = 0; path = PedometerTests.xctest; sourceTree = BUILT_PRODUCTS_DIR; };
		1E3282561D3EA46500D7D251 /* PedometerTests.swift */ = {isa = PBXFileReference; lastKnownFileType = sourcecode.swift; path = PedometerTests.swift; sourceTree = "<group>"; };
		1E3282581D3EA46500D7D251 /* Info.plist */ = {isa = PBXFileReference; lastKnownFileType = text.plist.xml; path = Info.plist; sourceTree = "<group>"; };
		1E32825D1D3EA46500D7D251 /* PedometerUITests.xctest */ = {isa = PBXFileReference; explicitFileType = wrapper.cfbundle; includeInIndex = 0; path = PedometerUITests.xctest; sourceTree = BUILT_PRODUCTS_DIR; };
		1E3282611D3EA46500D7D251 /* PedometerUITests.swift */ = {isa = PBXFileReference; lastKnownFileType = sourcecode.swift; path = PedometerUITests.swift; sourceTree = "<group>"; };
		1E3282631D3EA46500D7D251 /* Info.plist */ = {isa = PBXFileReference; lastKnownFileType = text.plist.xml; path = Info.plist; sourceTree = "<group>"; };
		1E32826F1D3EA63900D7D251 /* GraphView.swift */ = {isa = PBXFileReference; fileEncoding = 4; lastKnownFileType = sourcecode.swift; path = GraphView.swift; sourceTree = "<group>"; };
/* End PBXFileReference section */

/* Begin PBXFrameworksBuildPhase section */
		1E32823B1D3EA46500D7D251 /* Frameworks */ = {
			isa = PBXFrameworksBuildPhase;
			buildActionMask = 2147483647;
			files = (
			);
			runOnlyForDeploymentPostprocessing = 0;
		};
		1E32824F1D3EA46500D7D251 /* Frameworks */ = {
			isa = PBXFrameworksBuildPhase;
			buildActionMask = 2147483647;
			files = (
			);
			runOnlyForDeploymentPostprocessing = 0;
		};
		1E32825A1D3EA46500D7D251 /* Frameworks */ = {
			isa = PBXFrameworksBuildPhase;
			buildActionMask = 2147483647;
			files = (
			);
			runOnlyForDeploymentPostprocessing = 0;
		};
/* End PBXFrameworksBuildPhase section */

/* Begin PBXGroup section */
		1E3282351D3EA46500D7D251 = {
			isa = PBXGroup;
			children = (
				1E3282401D3EA46500D7D251 /* Pedometer */,
				1E3282551D3EA46500D7D251 /* PedometerTests */,
				1E3282601D3EA46500D7D251 /* PedometerUITests */,
				1E32823F1D3EA46500D7D251 /* Products */,
			);
			sourceTree = "<group>";
		};
		1E32823F1D3EA46500D7D251 /* Products */ = {
			isa = PBXGroup;
			children = (
				1E32823E1D3EA46500D7D251 /* Pedometer.app */,
				1E3282521D3EA46500D7D251 /* PedometerTests.xctest */,
				1E32825D1D3EA46500D7D251 /* PedometerUITests.xctest */,
			);
			name = Products;
			sourceTree = "<group>";
		};
		1E3282401D3EA46500D7D251 /* Pedometer */ = {
			isa = PBXGroup;
			children = (
				1E3282411D3EA46500D7D251 /* AppDelegate.swift */,
				1E3282431D3EA46500D7D251 /* ViewController.swift */,
				1E3282451D3EA46500D7D251 /* Main.storyboard */,
				1E32826F1D3EA63900D7D251 /* GraphView.swift */,
				1E3282481D3EA46500D7D251 /* Assets.xcassets */,
				1E32824A1D3EA46500D7D251 /* LaunchScreen.storyboard */,
				1E32824D1D3EA46500D7D251 /* Info.plist */,
			);
			path = Pedometer;
			sourceTree = "<group>";
		};
		1E3282551D3EA46500D7D251 /* PedometerTests */ = {
			isa = PBXGroup;
			children = (
				1E3282561D3EA46500D7D251 /* PedometerTests.swift */,
				1E3282581D3EA46500D7D251 /* Info.plist */,
			);
			path = PedometerTests;
			sourceTree = "<group>";
		};
		1E3282601D3EA46500D7D251 /* PedometerUITests */ = {
			isa = PBXGroup;
			children = (
				1E3282611D3EA46500D7D251 /* PedometerUITests.swift */,
				1E3282631D3EA46500D7D251 /* Info.plist */,
			);
			path = PedometerUITests;
			sourceTree = "<group>";
		};
/* End PBXGroup section */

/* Begin PBXNativeTarget section */
		1E32823D1D3EA46500D7D251 /* Pedometer */ = {
			isa = PBXNativeTarget;
			buildConfigurationList = 1E3282661D3EA46500D7D251 /* Build configuration list for PBXNativeTarget "Pedometer" */;
			buildPhases = (
				1E32823A1D3EA46500D7D251 /* Sources */,
				1E32823B1D3EA46500D7D251 /* Frameworks */,
				1E32823C1D3EA46500D7D251 /* Resources */,
			);
			buildRules = (
			);
			dependencies = (
			);
			name = Pedometer;
			productName = Pedometer;
			productReference = 1E32823E1D3EA46500D7D251 /* Pedometer.app */;
			productType = "com.apple.product-type.application";
		};
		1E3282511D3EA46500D7D251 /* PedometerTests */ = {
			isa = PBXNativeTarget;
			buildConfigurationList = 1E3282691D3EA46500D7D251 /* Build configuration list for PBXNativeTarget "PedometerTests" */;
			buildPhases = (
				1E32824E1D3EA46500D7D251 /* Sources */,
				1E32824F1D3EA46500D7D251 /* Frameworks */,
				1E3282501D3EA46500D7D251 /* Resources */,
			);
			buildRules = (
			);
			dependencies = (
				1E3282541D3EA46500D7D251 /* PBXTargetDependency */,
			);
			name = PedometerTests;
			productName = PedometerTests;
			productReference = 1E3282521D3EA46500D7D251 /* PedometerTests.xctest */;
			productType = "com.apple.product-type.bundle.unit-test";
		};
		1E32825C1D3EA46500D7D251 /* PedometerUITests */ = {
			isa = PBXNativeTarget;
			buildConfigurationList = 1E32826C1D3EA46500D7D251 /* Build configuration list for PBXNativeTarget "PedometerUITests" */;
			buildPhases = (
				1E3282591D3EA46500D7D251 /* Sources */,
				1E32825A1D3EA46500D7D251 /* Frameworks */,
				1E32825B1D3EA46500D7D251 /* Resources */,
			);
			buildRules = (
			);
			dependencies = (
				1E32825F1D3EA46500D7D251 /* PBXTargetDependency */,
			);
			name = PedometerUITests;
			productName = PedometerUITests;
			productReference = 1E32825D1D3EA46500D7D251 /* PedometerUITests.xctest */;
			productType = "com.apple.product-type.bundle.ui-testing";
		};
/* End PBXNativeTarget section */

/* Begin PBXProject section */
		1E3282361D3EA46500D7D251 /* Project object */ = {
			isa = PBXProject;
			attributes = {
				LastSwiftUpdateCheck = 0730;
				LastUpgradeCheck = 0730;
				ORGANIZATIONNAME = "Bryan  Miller";
				TargetAttributes = {
					1E32823D1D3EA46500D7D251 = {
						CreatedOnToolsVersion = 7.3.1;
					};
					1E3282511D3EA46500D7D251 = {
						CreatedOnToolsVersion = 7.3.1;
						TestTargetID = 1E32823D1D3EA46500D7D251;
					};
					1E32825C1D3EA46500D7D251 = {
						CreatedOnToolsVersion = 7.3.1;
						TestTargetID = 1E32823D1D3EA46500D7D251;
					};
				};
			};
			buildConfigurationList = 1E3282391D3EA46500D7D251 /* Build configuration list for PBXProject "Pedometer" */;
			compatibilityVersion = "Xcode 3.2";
			developmentRegion = English;
			hasScannedForEncodings = 0;
			knownRegions = (
				en,
				Base,
			);
			mainGroup = 1E3282351D3EA46500D7D251;
			productRefGroup = 1E32823F1D3EA46500D7D251 /* Products */;
			projectDirPath = "";
			projectRoot = "";
			targets = (
				1E32823D1D3EA46500D7D251 /* Pedometer */,
				1E3282511D3EA46500D7D251 /* PedometerTests */,
				1E32825C1D3EA46500D7D251 /* PedometerUITests */,
			);
		};
/* End PBXProject section */

/* Begin PBXResourcesBuildPhase section */
		1E32823C1D3EA46500D7D251 /* Resources */ = {
			isa = PBXResourcesBuildPhase;
			buildActionMask = 2147483647;
			files = (
				1E32824C1D3EA46500D7D251 /* LaunchScreen.storyboard in Resources */,
				1E3282491D3EA46500D7D251 /* Assets.xcassets in Resources */,
				1E3282471D3EA46500D7D251 /* Main.storyboard in Resources */,
			);
			runOnlyForDeploymentPostprocessing = 0;
		};
		1E3282501D3EA46500D7D251 /* Resources */ = {
			isa = PBXResourcesBuildPhase;
			buildActionMask = 2147483647;
			files = (
			);
			runOnlyForDeploymentPostprocessing = 0;
		};
		1E32825B1D3EA46500D7D251 /* Resources */ = {
			isa = PBXResourcesBuildPhase;
			buildActionMask = 2147483647;
			files = (
			);
			runOnlyForDeploymentPostprocessing = 0;
		};
/* End PBXResourcesBuildPhase section */

/* Begin PBXSourcesBuildPhase section */
		1E32823A1D3EA46500D7D251 /* Sources */ = {
			isa = PBXSourcesBuildPhase;
			buildActionMask = 2147483647;
			files = (
				1E3282441D3EA46500D7D251 /* ViewController.swift in Sources */,
				1E3282421D3EA46500D7D251 /* AppDelegate.swift in Sources */,
				1E3282701D3EA63900D7D251 /* GraphView.swift in Sources */,
			);
			runOnlyForDeploymentPostprocessing = 0;
		};
		1E32824E1D3EA46500D7D251 /* Sources */ = {
			isa = PBXSourcesBuildPhase;
			buildActionMask = 2147483647;
			files = (
				1E3282571D3EA46500D7D251 /* PedometerTests.swift in Sources */,
			);
			runOnlyForDeploymentPostprocessing = 0;
		};
		1E3282591D3EA46500D7D251 /* Sources */ = {
			isa = PBXSourcesBuildPhase;
			buildActionMask = 2147483647;
			files = (
				1E3282621D3EA46500D7D251 /* PedometerUITests.swift in Sources */,
			);
			runOnlyForDeploymentPostprocessing = 0;
		};
/* End PBXSourcesBuildPhase section */

/* Begin PBXTargetDependency section */
		1E3282541D3EA46500D7D251 /* PBXTargetDependency */ = {
			isa = PBXTargetDependency;
			target = 1E32823D1D3EA46500D7D251 /* Pedometer */;
			targetProxy = 1E3282531D3EA46500D7D251 /* PBXContainerItemProxy */;
		};
		1E32825F1D3EA46500D7D251 /* PBXTargetDependency */ = {
			isa = PBXTargetDependency;
			target = 1E32823D1D3EA46500D7D251 /* Pedometer */;
			targetProxy = 1E32825E1D3EA46500D7D251 /* PBXContainerItemProxy */;
		};
/* End PBXTargetDependency section */

/* Begin PBXVariantGroup section */
		1E3282451D3EA46500D7D251 /* Main.storyboard */ = {
			isa = PBXVariantGroup;
			children = (
				1E3282461D3EA46500D7D251 /* Base */,
			);
			name = Main.storyboard;
			sourceTree = "<group>";
		};
		1E32824A1D3EA46500D7D251 /* LaunchScreen.storyboard */ = {
			isa = PBXVariantGroup;
			children = (
				1E32824B1D3EA46500D7D251 /* Base */,
			);
			name = LaunchScreen.storyboard;
			sourceTree = "<group>";
		};
/* End PBXVariantGroup section */

/* Begin XCBuildConfiguration section */
		1E3282641D3EA46500D7D251 /* Debug */ = {
			isa = XCBuildConfiguration;
			buildSettings = {
				ALWAYS_SEARCH_USER_PATHS = NO;
				CLANG_ANALYZER_NONNULL = YES;
				CLANG_CXX_LANGUAGE_STANDARD = "gnu++0x";
				CLANG_CXX_LIBRARY = "libc++";
				CLANG_ENABLE_MODULES = YES;
				CLANG_ENABLE_OBJC_ARC = YES;
				CLANG_WARN_BOOL_CONVERSION = YES;
				CLANG_WARN_CONSTANT_CONVERSION = YES;
				CLANG_WARN_DIRECT_OBJC_ISA_USAGE = YES_ERROR;
				CLANG_WARN_EMPTY_BODY = YES;
				CLANG_WARN_ENUM_CONVERSION = YES;
				CLANG_WARN_INT_CONVERSION = YES;
				CLANG_WARN_OBJC_ROOT_CLASS = YES_ERROR;
				CLANG_WARN_UNREACHABLE_CODE = YES;
				CLANG_WARN__DUPLICATE_METHOD_MATCH = YES;
				"CODE_SIGN_IDENTITY[sdk=iphoneos*]" = "iPhone Developer";
				COPY_PHASE_STRIP = NO;
				DEBUG_INFORMATION_FORMAT = dwarf;
				ENABLE_STRICT_OBJC_MSGSEND = YES;
				ENABLE_TESTABILITY = YES;
				GCC_C_LANGUAGE_STANDARD = gnu99;
				GCC_DYNAMIC_NO_PIC = NO;
				GCC_NO_COMMON_BLOCKS = YES;
				GCC_OPTIMIZATION_LEVEL = 0;
				GCC_PREPROCESSOR_DEFINITIONS = (
					"DEBUG=1",
					"$(inherited)",
				);
				GCC_WARN_64_TO_32_BIT_CONVERSION = YES;
				GCC_WARN_ABOUT_RETURN_TYPE = YES_ERROR;
				GCC_WARN_UNDECLARED_SELECTOR = YES;
				GCC_WARN_UNINITIALIZED_AUTOS = YES_AGGRESSIVE;
				GCC_WARN_UNUSED_FUNCTION = YES;
				GCC_WARN_UNUSED_VARIABLE = YES;
				IPHONEOS_DEPLOYMENT_TARGET = 9.3;
				MTL_ENABLE_DEBUG_INFO = YES;
				ONLY_ACTIVE_ARCH = YES;
				SDKROOT = iphoneos;
				SWIFT_OPTIMIZATION_LEVEL = "-Onone";
				TARGETED_DEVICE_FAMILY = "1,2";
			};
			name = Debug;
		};
		1E3282651D3EA46500D7D251 /* Release */ = {
			isa = XCBuildConfiguration;
			buildSettings = {
				ALWAYS_SEARCH_USER_PATHS = NO;
				CLANG_ANALYZER_NONNULL = YES;
				CLANG_CXX_LANGUAGE_STANDARD = "gnu++0x";
				CLANG_CXX_LIBRARY = "libc++";
				CLANG_ENABLE_MODULES = YES;
				CLANG_ENABLE_OBJC_ARC = YES;
				CLANG_WARN_BOOL_CONVERSION = YES;
				CLANG_WARN_CONSTANT_CONVERSION = YES;
				CLANG_WARN_DIRECT_OBJC_ISA_USAGE = YES_ERROR;
				CLANG_WARN_EMPTY_BODY = YES;
				CLANG_WARN_ENUM_CONVERSION = YES;
				CLANG_WARN_INT_CONVERSION = YES;
				CLANG_WARN_OBJC_ROOT_CLASS = YES_ERROR;
				CLANG_WARN_UNREACHABLE_CODE = YES;
				CLANG_WARN__DUPLICATE_METHOD_MATCH = YES;
				"CODE_SIGN_IDENTITY[sdk=iphoneos*]" = "iPhone Developer";
				COPY_PHASE_STRIP = NO;
				DEBUG_INFORMATION_FORMAT = "dwarf-with-dsym";
				ENABLE_NS_ASSERTIONS = NO;
				ENABLE_STRICT_OBJC_MSGSEND = YES;
				GCC_C_LANGUAGE_STANDARD = gnu99;
				GCC_NO_COMMON_BLOCKS = YES;
				GCC_WARN_64_TO_32_BIT_CONVERSION = YES;
				GCC_WARN_ABOUT_RETURN_TYPE = YES_ERROR;
				GCC_WARN_UNDECLARED_SELECTOR = YES;
				GCC_WARN_UNINITIALIZED_AUTOS = YES_AGGRESSIVE;
				GCC_WARN_UNUSED_FUNCTION = YES;
				GCC_WARN_UNUSED_VARIABLE = YES;
				IPHONEOS_DEPLOYMENT_TARGET = 9.3;
				MTL_ENABLE_DEBUG_INFO = NO;
				SDKROOT = iphoneos;
				TARGETED_DEVICE_FAMILY = "1,2";
				VALIDATE_PRODUCT = YES;
			};
			name = Release;
		};
		1E3282671D3EA46500D7D251 /* Debug */ = {
			isa = XCBuildConfiguration;
			buildSettings = {
				ASSETCATALOG_COMPILER_APPICON_NAME = AppIcon;
				INFOPLIST_FILE = Pedometer/Info.plist;
				LD_RUNPATH_SEARCH_PATHS = "$(inherited) @executable_path/Frameworks";
				PRODUCT_BUNDLE_IDENTIFIER = ironyardhouston.Pedometer;
				PRODUCT_NAME = "$(TARGET_NAME)";
			};
			name = Debug;
		};
		1E3282681D3EA46500D7D251 /* Release */ = {
			isa = XCBuildConfiguration;
			buildSettings = {
				ASSETCATALOG_COMPILER_APPICON_NAME = AppIcon;
				INFOPLIST_FILE = Pedometer/Info.plist;
				LD_RUNPATH_SEARCH_PATHS = "$(inherited) @executable_path/Frameworks";
				PRODUCT_BUNDLE_IDENTIFIER = ironyardhouston.Pedometer;
				PRODUCT_NAME = "$(TARGET_NAME)";
			};
			name = Release;
		};
		1E32826A1D3EA46500D7D251 /* Debug */ = {
			isa = XCBuildConfiguration;
			buildSettings = {
				BUNDLE_LOADER = "$(TEST_HOST)";
				INFOPLIST_FILE = PedometerTests/Info.plist;
				LD_RUNPATH_SEARCH_PATHS = "$(inherited) @executable_path/Frameworks @loader_path/Frameworks";
				PRODUCT_BUNDLE_IDENTIFIER = ironyardhouston.PedometerTests;
				PRODUCT_NAME = "$(TARGET_NAME)";
				TEST_HOST = "$(BUILT_PRODUCTS_DIR)/Pedometer.app/Pedometer";
			};
			name = Debug;
		};
		1E32826B1D3EA46500D7D251 /* Release */ = {
			isa = XCBuildConfiguration;
			buildSettings = {
				BUNDLE_LOADER = "$(TEST_HOST)";
				INFOPLIST_FILE = PedometerTests/Info.plist;
				LD_RUNPATH_SEARCH_PATHS = "$(inherited) @executable_path/Frameworks @loader_path/Frameworks";
				PRODUCT_BUNDLE_IDENTIFIER = ironyardhouston.PedometerTests;
				PRODUCT_NAME = "$(TARGET_NAME)";
				TEST_HOST = "$(BUILT_PRODUCTS_DIR)/Pedometer.app/Pedometer";
			};
			name = Release;
		};
		1E32826D1D3EA46500D7D251 /* Debug */ = {
			isa = XCBuildConfiguration;
			buildSettings = {
				INFOPLIST_FILE = PedometerUITests/Info.plist;
				LD_RUNPATH_SEARCH_PATHS = "$(inherited) @executable_path/Frameworks @loader_path/Frameworks";
				PRODUCT_BUNDLE_IDENTIFIER = ironyardhouston.PedometerUITests;
				PRODUCT_NAME = "$(TARGET_NAME)";
				TEST_TARGET_NAME = Pedometer;
			};
			name = Debug;
		};
		1E32826E1D3EA46500D7D251 /* Release */ = {
			isa = XCBuildConfiguration;
			buildSettings = {
				INFOPLIST_FILE = PedometerUITests/Info.plist;
				LD_RUNPATH_SEARCH_PATHS = "$(inherited) @executable_path/Frameworks @loader_path/Frameworks";
				PRODUCT_BUNDLE_IDENTIFIER = ironyardhouston.PedometerUITests;
				PRODUCT_NAME = "$(TARGET_NAME)";
				TEST_TARGET_NAME = Pedometer;
			};
			name = Release;
		};
/* End XCBuildConfiguration section */

/* Begin XCConfigurationList section */
		1E3282391D3EA46500D7D251 /* Build configuration list for PBXProject "Pedometer" */ = {
			isa = XCConfigurationList;
			buildConfigurations = (
				1E3282641D3EA46500D7D251 /* Debug */,
				1E3282651D3EA46500D7D251 /* Release */,
			);
			defaultConfigurationIsVisible = 0;
			defaultConfigurationName = Release;
		};
		1E3282661D3EA46500D7D251 /* Build configuration list for PBXNativeTarget "Pedometer" */ = {
			isa = XCConfigurationList;
			buildConfigurations = (
				1E3282671D3EA46500D7D251 /* Debug */,
				1E3282681D3EA46500D7D251 /* Release */,
			);
			defaultConfigurationIsVisible = 0;
		};
		1E3282691D3EA46500D7D251 /* Build configuration list for PBXNativeTarget "PedometerTests" */ = {
			isa = XCConfigurationList;
			buildConfigurations = (
				1E32826A1D3EA46500D7D251 /* Debug */,
				1E32826B1D3EA46500D7D251 /* Release */,
			);
			defaultConfigurationIsVisible = 0;
		};
		1E32826C1D3EA46500D7D251 /* Build configuration list for PBXNativeTarget "PedometerUITests" */ = {
			isa = XCConfigurationList;
			buildConfigurations = (
				1E32826D1D3EA46500D7D251 /* Debug */,
				1E32826E1D3EA46500D7D251 /* Release */,
			);
			defaultConfigurationIsVisible = 0;
		};
/* End XCConfigurationList section */
	};
	rootObject = 1E3282361D3EA46500D7D251 /* Project object */;
}
